
Microsoft Visual Studio Solution File, Format Version 12.00
# Visual Studio 14
VisualStudioVersion = 14.0.25420.1
MinimumVisualStudioVersion = 10.0.40219.1
Project("{FAE04EC0-301F-11D3-BF4B-00C04F79EFBC}") = "01_AbstractFactory", "01_AbstractFactory\01_AbstractFactory.csproj", "{7C68EEB2-1B86-4317-89D0-49D12B7D7891}"
EndProject
Project("{2150E333-8FDC-42A3-9474-1A3956D46DE8}") = "01_AbstractFactory", "01_AbstractFactory", "{35FAB1FD-29C0-4588-9292-4F332F978D65}"
EndProject
Project("{2150E333-8FDC-42A3-9474-1A3956D46DE8}") = "02_Builder", "02_Builder", "{979ED936-C726-4AA8-B1DD-05FF85204E89}"
EndProject
Project("{FAE04EC0-301F-11D3-BF4B-00C04F79EFBC}") = "01_Builder", "01_Builder\01_Builder.csproj", "{48C1EC92-7B16-4B03-8133-BA0CE1A93853}"
EndProject
Project("{2150E333-8FDC-42A3-9474-1A3956D46DE8}") = "03_FactoryMethod", "03_FactoryMethod", "{864FD08D-8B34-4A8A-BF5E-C39A896D6609}"
EndProject
Project("{FAE04EC0-301F-11D3-BF4B-00C04F79EFBC}") = "01_FactoryMethod", "01_FactoryMethod\01_FactoryMethod.csproj", "{6E5BC7B3-E6D3-4AEA-AEE0-4E29A5208E1F}"
EndProject
Project("{FAE04EC0-301F-11D3-BF4B-00C04F79EFBC}") = "02_AbstractFactory_GoF", "02_AbstractFactory_GoF\02_AbstractFactory_GoF.csproj", "{BF221CE0-25B8-46A4-A1C6-7503154A9D73}"
EndProject
Project("{FAE04EC0-301F-11D3-BF4B-00C04F79EFBC}") = "02_FactoryMethod_ServiceLocator", "02_FactoryMethod_ServiceLocator\02_FactoryMethod_ServiceLocator.csproj", "{8D1D893E-3E60-47B8-9133-3709FCD0C8F5}"
EndProject
Project("{2150E333-8FDC-42A3-9474-1A3956D46DE8}") = "04_Prototype", "04_Prototype", "{445742AB-54D0-4053-924B-F4790E5F01F1}"
EndProject
Project("{FAE04EC0-301F-11D3-BF4B-00C04F79EFBC}") = "01_Prototype", "01_Prototype\01_Prototype.csproj", "{9494CC9C-E653-42D3-BD27-B5DD59484F53}"
EndProject
Project("{2150E333-8FDC-42A3-9474-1A3956D46DE8}") = "05_Singlton", "05_Singlton", "{D8F5EEFB-7A73-45FD-BACD-0B3E4240ADD9}"
EndProject
Project("{FAE04EC0-301F-11D3-BF4B-00C04F79EFBC}") = "01_Singlton", "01_Singlton\01_Singlton.csproj", "{78FEFB07-2681-4178-AA9C-592BE6F0ED2F}"
EndProject
Project("{FAE04EC0-301F-11D3-BF4B-00C04F79EFBC}") = "02_Singlton_ThreadSafe", "02_Singlton_ThreadSafe\02_Singlton_ThreadSafe.csproj", "{2F261EA3-637C-48AF-9F0B-4042436679BA}"
EndProject
Project("{2150E333-8FDC-42A3-9474-1A3956D46DE8}") = "06_Adapter", "06_Adapter", "{438C4520-B0CB-400F-BE26-788721F66B3E}"
EndProject
Project("{FAE04EC0-301F-11D3-BF4B-00C04F79EFBC}") = "01_Adapter", "01_Adapter\01_Adapter.csproj", "{130F24E3-46DB-4CA8-BB3C-44817822C1E1}"
EndProject
Project("{2150E333-8FDC-42A3-9474-1A3956D46DE8}") = "07_Bridge", "07_Bridge", "{759449D2-ED26-4013-BF0F-7ECFF9D3CD1F}"
EndProject
Project("{FAE04EC0-301F-11D3-BF4B-00C04F79EFBC}") = "01_Bridge", "01_Bridge\01_Bridge.csproj", "{40A4F319-A155-47D2-9B35-F497C43B42E3}"
EndProject
Project("{2150E333-8FDC-42A3-9474-1A3956D46DE8}") = "08_Composite", "08_Composite", "{82284638-6F4D-4724-A2DC-5463C9D029D1}"
EndProject
Project("{FAE04EC0-301F-11D3-BF4B-00C04F79EFBC}") = "02_CompositeGoF", "02_CompositeGoF\02_CompositeGoF.csproj", "{A8EAE565-866B-4A1D-8D33-53B6A940C2D7}"
EndProject
Project("{2150E333-8FDC-42A3-9474-1A3956D46DE8}") = "09_Decorator", "09_Decorator", "{0E83A721-395A-4B0B-B9BE-3DB22827AE28}"
EndProject
Project("{FAE04EC0-301F-11D3-BF4B-00C04F79EFBC}") = "01_Decorator", "01_Decorator\01_Decorator.csproj", "{8BD0BB25-8695-4590-9B21-008FAB08458B}"
EndProject
Project("{FAE04EC0-301F-11D3-BF4B-00C04F79EFBC}") = "02_Decorator_Coffe", "02_Decorator_Coffe\02_Decorator_Coffe.csproj", "{8433518C-5DBE-44D5-9EC9-F8A203D4DAF3}"
EndProject
Project("{FAE04EC0-301F-11D3-BF4B-00C04F79EFBC}") = "03_Decorator_GoF", "03_Decorator_GoF\03_Decorator_GoF.csproj", "{8E5172BA-3E05-4793-A7F6-0FEB8FF5E464}"
EndProject
Project("{FAE04EC0-301F-11D3-BF4B-00C04F79EFBC}") = "04_Decorator_Pizza", "04_Decorator_Pizza\04_Decorator_Pizza.csproj", "{0BFDE1A1-70E0-46F4-8DEA-FE5E21DE1CD4}"
EndProject
Project("{2150E333-8FDC-42A3-9474-1A3956D46DE8}") = "10_Fasade", "10_Fasade", "{9B5C5474-3B90-48D2-B437-06272F0A0EFA}"
EndProject
Project("{FAE04EC0-301F-11D3-BF4B-00C04F79EFBC}") = "01_Fasade", "01_Fasade\01_Fasade.csproj", "{7769EE41-29B8-431D-A107-8E5564CB6E68}"
EndProject
Project("{FAE04EC0-301F-11D3-BF4B-00C04F79EFBC}") = "01_Flyweight_GoF", "01_Flyweight_GoF\01_Flyweight_GoF.csproj", "{B4D3D492-C211-4FC3-88B8-0C597E2B971E}"
EndProject
Project("{2150E333-8FDC-42A3-9474-1A3956D46DE8}") = "11_Flyweight", "11_Flyweight", "{41588A2E-A8F5-4438-AFF2-402FFBFD23B7}"
EndProject
Project("{2150E333-8FDC-42A3-9474-1A3956D46DE8}") = "12_Proxy", "12_Proxy", "{FEA5BEC6-2908-409B-9C98-3BAAC5EDB5CA}"
EndProject
Project("{FAE04EC0-301F-11D3-BF4B-00C04F79EFBC}") = "01_Proxy", "01_Proxy\01_Proxy.csproj", "{4591AF5B-5357-4CDC-ABA7-9C2E58BA1296}"
EndProject
Project("{2150E333-8FDC-42A3-9474-1A3956D46DE8}") = "13_ChainOfResponsibility", "13_ChainOfResponsibility", "{7CB7176B-C855-453D-BC89-D7F3F7D2D7E0}"
EndProject
Project("{FAE04EC0-301F-11D3-BF4B-00C04F79EFBC}") = "01_ChainOfResponsibility", "01_ChainOfResponsibility\01_ChainOfResponsibility.csproj", "{F27EFBD0-9439-42E0-B116-3021FBD8254C}"
EndProject
Project("{FAE04EC0-301F-11D3-BF4B-00C04F79EFBC}") = "02_ChainOfResponsibility_Document", "02_ChainOfResponsibility_Document\02_ChainOfResponsibility_Document.csproj", "{805B3BD6-780A-44CC-A207-06CC1FF0777B}"
EndProject
Project("{FAE04EC0-301F-11D3-BF4B-00C04F79EFBC}") = "03_ChainOfResponsibility_Bank", "03_ChainOfResponsibility_Bank\03_ChainOfResponsibility_Bank.csproj", "{9A5DBDED-AC7B-4C7B-A3F8-C125DA58BFE0}"
EndProject
Project("{FAE04EC0-301F-11D3-BF4B-00C04F79EFBC}") = "03_Singlton_Lazy_ThreadSafe", "03_Singlton_Lazy_ThreadSafe\03_Singlton_Lazy_ThreadSafe.csproj", "{24DA9677-0710-4D49-B39C-792030CEA3FF}"
EndProject
Project("{FAE04EC0-301F-11D3-BF4B-00C04F79EFBC}") = "02_Flyweight_Map", "02_Flyweight_Map\02_Flyweight_Map.csproj", "{7BF6B7E8-5269-4BC0-9143-ECBEC765C6C7}"
EndProject
Project("{2150E333-8FDC-42A3-9474-1A3956D46DE8}") = "19_Observer", "19_Observer", "{4C874AF2-27DF-452E-A8C2-0AB60253BC23}"
EndProject
Project("{FAE04EC0-301F-11D3-BF4B-00C04F79EFBC}") = "01_Observer", "01_Observer\01_Observer.csproj", "{4B68DFCC-6A97-4457-A27C-FAA934FB6B3B}"
EndProject
Project("{FAE04EC0-301F-11D3-BF4B-00C04F79EFBC}") = "05_Decorator_Starbuzz", "05_Decorator_Starbuzz\05_Decorator_Starbuzz.csproj", "{A8FA8003-4AC7-4971-AD76-C0718DC50FD4}"
EndProject
Project("{FAE04EC0-301F-11D3-BF4B-00C04F79EFBC}") = "06_Decorator_IO", "06_Decorator_IO\06_Decorator_IO.csproj", "{E74DF6BC-4BE1-4864-A31B-6000684E33C1}"
EndProject
Project("{2150E333-8FDC-42A3-9474-1A3956D46DE8}") = "14_Command", "14_Command", "{0282D183-CBAE-4DFE-97B4-5AA4B9F77DB2}"
EndProject
Project("{FAE04EC0-301F-11D3-BF4B-00C04F79EFBC}") = "01_Command_Project", "01_Command_Project\01_Command_Project.csproj", "{D4B13225-C336-48FE-81A4-9E32170FC64D}"
EndProject
Project("{FAE04EC0-301F-11D3-BF4B-00C04F79EFBC}") = "02_Command_Order", "02_Command_Order\02_Command_Order.csproj", "{A8B1C8D1-5190-45F2-B883-917BD0A24491}"
EndProject
Project("{FAE04EC0-301F-11D3-BF4B-00C04F79EFBC}") = "03_AbstractFacroty_Ingredient", "03_AbstractFacroty_Ingredient\03_AbstractFacroty_Ingredient.csproj", "{92BFF91D-3D87-4188-9AC4-6304597CC045}"
EndProject
Project("{FAE04EC0-301F-11D3-BF4B-00C04F79EFBC}") = "03_FactoryMethod_Abstract", "03_FactoryMethod_Abstract\03_FactoryMethod_Abstract.csproj", "{9591AEE4-175B-4307-B965-5EA47AD59098}"
EndProject
Project("{FAE04EC0-301F-11D3-BF4B-00C04F79EFBC}") = "02_Adapter_Duck", "02_Adapter_Duck\02_Adapter_Duck.csproj", "{85CFAF69-5FEB-4794-9828-30352C05B792}"
EndProject
Project("{2150E333-8FDC-42A3-9474-1A3956D46DE8}") = "22_TemplateMethod", "22_TemplateMethod", "{AB80DEE0-D831-4FF6-B856-FBAAE19DE9E3}"
EndProject
Project("{FAE04EC0-301F-11D3-BF4B-00C04F79EFBC}") = "01_TemplateMethod_Coffe", "01_TemplateMethod_Coffe\01_TemplateMethod_Coffe.csproj", "{DAB59471-A2AE-4DFB-B1E7-85D7D8840B2E}"
EndProject
Project("{FAE04EC0-301F-11D3-BF4B-00C04F79EFBC}") = "02_TemplateMethod_MessSearch", "02_TemplateMethod_MessSearch\02_TemplateMethod_MessSearch.csproj", "{8BFC87BD-9F3C-4324-9610-6B975C5E87F3}"
EndProject
Project("{2150E333-8FDC-42A3-9474-1A3956D46DE8}") = "16_Iterator", "16_Iterator", "{2D741D2F-0C16-4726-A06B-6979429140DE}"
EndProject
Project("{FAE04EC0-301F-11D3-BF4B-00C04F79EFBC}") = "01_Iterator_Dinner", "01_Iterator_Dinner\01_Iterator_Dinner.csproj", "{BFE2CF34-4F9F-45C5-AB8E-DDA7F141C58B}"
EndProject
Project("{FAE04EC0-301F-11D3-BF4B-00C04F79EFBC}") = "03_Composite_Menu", "03_Composite_Menu\03_Composite_Menu.csproj", "{245415C5-8F05-4FA6-813D-440ADF2E04CE}"
EndProject
Project("{2150E333-8FDC-42A3-9474-1A3956D46DE8}") = "20_State", "20_State", "{28B69051-DCD0-43F9-B5F1-97FD761EFE10}"
EndProject
Project("{FAE04EC0-301F-11D3-BF4B-00C04F79EFBC}") = "01_State_Gummball", "01_State_Gummball\01_State_Gummball.csproj", "{8E6F270F-AA8D-405B-901C-A0EF6036B0A2}"
EndProject
Project("{FAE04EC0-301F-11D3-BF4B-00C04F79EFBC}") = "_02_State_Order", "_02_State_Order\_02_State_Order.csproj", "{D30FF778-02BC-419F-80F6-097EAD0DB9B4}"
EndProject
Project("{FAE04EC0-301F-11D3-BF4B-00C04F79EFBC}") = "02_Proxy_virtual", "02_Proxy_virtual\02_Proxy_virtual.csproj", "{758C417F-9BD5-4279-B6FD-29E15F6D2B91}"
EndProject
Project("{2150E333-8FDC-42A3-9474-1A3956D46DE8}") = "Remote proxy", "Remote proxy", "{D625DBF8-20EE-4F11-A286-60A0F88CCEDC}"
EndProject
Project("{FAE04EC0-301F-11D3-BF4B-00C04F79EFBC}") = "__01_Proxy_remote", "__01_Proxy_remote\__01_Proxy_remote.csproj", "{E9457A8E-6B7E-46B1-A328-AD24A456B431}"
EndProject
Project("{FAE04EC0-301F-11D3-BF4B-00C04F79EFBC}") = "__02_Proxy_client", "__02_Proxy_client\__02_Proxy_client.csproj", "{1E941D2B-F124-4473-9C02-7C76CE78C3F0}"
EndProject
Project("{2150E333-8FDC-42A3-9474-1A3956D46DE8}") = "21_Strategy", "21_Strategy", "{E1FC7D3E-8AD5-4524-A7C5-B12B33BD5AC8}"
EndProject
Project("{FAE04EC0-301F-11D3-BF4B-00C04F79EFBC}") = "01_Strategy_weather", "01_Strategy_weather\01_Strategy_weather.csproj", "{3EDABFEB-EC1B-4411-B2F8-A26B060CD7A3}"
EndProject
Project("{2150E333-8FDC-42A3-9474-1A3956D46DE8}") = "17_Mediator", "17_Mediator", "{4BF9B6BD-C9ED-491D-8BA0-DB8F6011A08B}"
EndProject
Project("{FAE04EC0-301F-11D3-BF4B-00C04F79EFBC}") = "01_Mediator_brain", "01_Mediator_brain\01_Mediator_brain.csproj", "{966B0E64-6B28-4D3B-A73D-1BA5E9F47644}"
EndProject
Project("{FAE04EC0-301F-11D3-BF4B-00C04F79EFBC}") = "02_Mediator_aircraft", "02_Mediator_aircraft\02_Mediator_aircraft.csproj", "{2A52F8F3-A4BC-4839-A9A6-695F91950557}"
EndProject
Project("{2150E333-8FDC-42A3-9474-1A3956D46DE8}") = "18_Memento", "18_Memento", "{70B55EB0-B770-420A-B81C-F872A4CEBCCD}"
EndProject
Project("{FAE04EC0-301F-11D3-BF4B-00C04F79EFBC}") = "01_Memento_hero", "01_Memento_hero\01_Memento_hero.csproj", "{C60D6DF2-B0AF-419F-8E2D-B4DF975B4B88}"
EndProject
Project("{FAE04EC0-301F-11D3-BF4B-00C04F79EFBC}") = "02_Memento_robot", "02_Memento_robot\02_Memento_robot.csproj", "{994E8CC2-E4B3-4F71-B509-3FAB5A84DCE3}"
EndProject
Project("{2150E333-8FDC-42A3-9474-1A3956D46DE8}") = "23_Visitor", "23_Visitor", "{37E31827-5C14-4E32-8135-F417D1B3EF36}"
EndProject
Project("{FAE04EC0-301F-11D3-BF4B-00C04F79EFBC}") = "01_Visitor_office", "01_Visitor_office\01_Visitor_office.csproj", "{52AE49E8-D6BB-4E42-B95A-7BF464DA68F2}"
EndProject
Project("{FAE04EC0-301F-11D3-BF4B-00C04F79EFBC}") = "02_Prototype_Maze", "02_Prototype_Maze\02_Prototype_Maze.csproj", "{BCDAFDD8-6687-4F58-A679-A96F4948FEA3}"
EndProject
Project("{FAE04EC0-301F-11D3-BF4B-00C04F79EFBC}") = "03_Flyweight_Character", "03_Flyweight_Character\03_Flyweight_Character.csproj", "{AC4AD028-C66B-4DAB-88D7-C7C8E78C9762}"
EndProject
Global
	GlobalSection(SolutionConfigurationPlatforms) = preSolution
		Debug|Any CPU = Debug|Any CPU
		Release|Any CPU = Release|Any CPU
	EndGlobalSection
	GlobalSection(ProjectConfigurationPlatforms) = postSolution
		{7C68EEB2-1B86-4317-89D0-49D12B7D7891}.Debug|Any CPU.ActiveCfg = Debug|Any CPU
		{7C68EEB2-1B86-4317-89D0-49D12B7D7891}.Debug|Any CPU.Build.0 = Debug|Any CPU
		{7C68EEB2-1B86-4317-89D0-49D12B7D7891}.Release|Any CPU.ActiveCfg = Release|Any CPU
		{7C68EEB2-1B86-4317-89D0-49D12B7D7891}.Release|Any CPU.Build.0 = Release|Any CPU
		{48C1EC92-7B16-4B03-8133-BA0CE1A93853}.Debug|Any CPU.ActiveCfg = Debug|Any CPU
		{48C1EC92-7B16-4B03-8133-BA0CE1A93853}.Debug|Any CPU.Build.0 = Debug|Any CPU
		{48C1EC92-7B16-4B03-8133-BA0CE1A93853}.Release|Any CPU.ActiveCfg = Release|Any CPU
		{48C1EC92-7B16-4B03-8133-BA0CE1A93853}.Release|Any CPU.Build.0 = Release|Any CPU
		{6E5BC7B3-E6D3-4AEA-AEE0-4E29A5208E1F}.Debug|Any CPU.ActiveCfg = Debug|Any CPU
		{6E5BC7B3-E6D3-4AEA-AEE0-4E29A5208E1F}.Debug|Any CPU.Build.0 = Debug|Any CPU
		{6E5BC7B3-E6D3-4AEA-AEE0-4E29A5208E1F}.Release|Any CPU.ActiveCfg = Release|Any CPU
		{6E5BC7B3-E6D3-4AEA-AEE0-4E29A5208E1F}.Release|Any CPU.Build.0 = Release|Any CPU
		{BF221CE0-25B8-46A4-A1C6-7503154A9D73}.Debug|Any CPU.ActiveCfg = Debug|Any CPU
		{BF221CE0-25B8-46A4-A1C6-7503154A9D73}.Debug|Any CPU.Build.0 = Debug|Any CPU
		{BF221CE0-25B8-46A4-A1C6-7503154A9D73}.Release|Any CPU.ActiveCfg = Release|Any CPU
		{BF221CE0-25B8-46A4-A1C6-7503154A9D73}.Release|Any CPU.Build.0 = Release|Any CPU
		{8D1D893E-3E60-47B8-9133-3709FCD0C8F5}.Debug|Any CPU.ActiveCfg = Debug|Any CPU
		{8D1D893E-3E60-47B8-9133-3709FCD0C8F5}.Debug|Any CPU.Build.0 = Debug|Any CPU
		{8D1D893E-3E60-47B8-9133-3709FCD0C8F5}.Release|Any CPU.ActiveCfg = Release|Any CPU
		{8D1D893E-3E60-47B8-9133-3709FCD0C8F5}.Release|Any CPU.Build.0 = Release|Any CPU
		{9494CC9C-E653-42D3-BD27-B5DD59484F53}.Debug|Any CPU.ActiveCfg = Debug|Any CPU
		{9494CC9C-E653-42D3-BD27-B5DD59484F53}.Debug|Any CPU.Build.0 = Debug|Any CPU
		{9494CC9C-E653-42D3-BD27-B5DD59484F53}.Release|Any CPU.ActiveCfg = Release|Any CPU
		{9494CC9C-E653-42D3-BD27-B5DD59484F53}.Release|Any CPU.Build.0 = Release|Any CPU
		{78FEFB07-2681-4178-AA9C-592BE6F0ED2F}.Debug|Any CPU.ActiveCfg = Debug|Any CPU
		{78FEFB07-2681-4178-AA9C-592BE6F0ED2F}.Debug|Any CPU.Build.0 = Debug|Any CPU
		{78FEFB07-2681-4178-AA9C-592BE6F0ED2F}.Release|Any CPU.ActiveCfg = Release|Any CPU
		{78FEFB07-2681-4178-AA9C-592BE6F0ED2F}.Release|Any CPU.Build.0 = Release|Any CPU
		{2F261EA3-637C-48AF-9F0B-4042436679BA}.Debug|Any CPU.ActiveCfg = Debug|Any CPU
		{2F261EA3-637C-48AF-9F0B-4042436679BA}.Debug|Any CPU.Build.0 = Debug|Any CPU
		{2F261EA3-637C-48AF-9F0B-4042436679BA}.Release|Any CPU.ActiveCfg = Release|Any CPU
		{2F261EA3-637C-48AF-9F0B-4042436679BA}.Release|Any CPU.Build.0 = Release|Any CPU
		{130F24E3-46DB-4CA8-BB3C-44817822C1E1}.Debug|Any CPU.ActiveCfg = Debug|Any CPU
		{130F24E3-46DB-4CA8-BB3C-44817822C1E1}.Debug|Any CPU.Build.0 = Debug|Any CPU
		{130F24E3-46DB-4CA8-BB3C-44817822C1E1}.Release|Any CPU.ActiveCfg = Release|Any CPU
		{130F24E3-46DB-4CA8-BB3C-44817822C1E1}.Release|Any CPU.Build.0 = Release|Any CPU
		{40A4F319-A155-47D2-9B35-F497C43B42E3}.Debug|Any CPU.ActiveCfg = Debug|Any CPU
		{40A4F319-A155-47D2-9B35-F497C43B42E3}.Debug|Any CPU.Build.0 = Debug|Any CPU
		{40A4F319-A155-47D2-9B35-F497C43B42E3}.Release|Any CPU.ActiveCfg = Release|Any CPU
		{40A4F319-A155-47D2-9B35-F497C43B42E3}.Release|Any CPU.Build.0 = Release|Any CPU
		{A8EAE565-866B-4A1D-8D33-53B6A940C2D7}.Debug|Any CPU.ActiveCfg = Debug|Any CPU
		{A8EAE565-866B-4A1D-8D33-53B6A940C2D7}.Debug|Any CPU.Build.0 = Debug|Any CPU
		{A8EAE565-866B-4A1D-8D33-53B6A940C2D7}.Release|Any CPU.ActiveCfg = Release|Any CPU
		{A8EAE565-866B-4A1D-8D33-53B6A940C2D7}.Release|Any CPU.Build.0 = Release|Any CPU
		{8BD0BB25-8695-4590-9B21-008FAB08458B}.Debug|Any CPU.ActiveCfg = Debug|Any CPU
		{8BD0BB25-8695-4590-9B21-008FAB08458B}.Debug|Any CPU.Build.0 = Debug|Any CPU
		{8BD0BB25-8695-4590-9B21-008FAB08458B}.Release|Any CPU.ActiveCfg = Release|Any CPU
		{8BD0BB25-8695-4590-9B21-008FAB08458B}.Release|Any CPU.Build.0 = Release|Any CPU
		{8433518C-5DBE-44D5-9EC9-F8A203D4DAF3}.Debug|Any CPU.ActiveCfg = Debug|Any CPU
		{8433518C-5DBE-44D5-9EC9-F8A203D4DAF3}.Debug|Any CPU.Build.0 = Debug|Any CPU
		{8433518C-5DBE-44D5-9EC9-F8A203D4DAF3}.Release|Any CPU.ActiveCfg = Release|Any CPU
		{8433518C-5DBE-44D5-9EC9-F8A203D4DAF3}.Release|Any CPU.Build.0 = Release|Any CPU
		{8E5172BA-3E05-4793-A7F6-0FEB8FF5E464}.Debug|Any CPU.ActiveCfg = Debug|Any CPU
		{8E5172BA-3E05-4793-A7F6-0FEB8FF5E464}.Debug|Any CPU.Build.0 = Debug|Any CPU
		{8E5172BA-3E05-4793-A7F6-0FEB8FF5E464}.Release|Any CPU.ActiveCfg = Release|Any CPU
		{8E5172BA-3E05-4793-A7F6-0FEB8FF5E464}.Release|Any CPU.Build.0 = Release|Any CPU
		{0BFDE1A1-70E0-46F4-8DEA-FE5E21DE1CD4}.Debug|Any CPU.ActiveCfg = Debug|Any CPU
		{0BFDE1A1-70E0-46F4-8DEA-FE5E21DE1CD4}.Debug|Any CPU.Build.0 = Debug|Any CPU
		{0BFDE1A1-70E0-46F4-8DEA-FE5E21DE1CD4}.Release|Any CPU.ActiveCfg = Release|Any CPU
		{0BFDE1A1-70E0-46F4-8DEA-FE5E21DE1CD4}.Release|Any CPU.Build.0 = Release|Any CPU
		{7769EE41-29B8-431D-A107-8E5564CB6E68}.Debug|Any CPU.ActiveCfg = Debug|Any CPU
		{7769EE41-29B8-431D-A107-8E5564CB6E68}.Debug|Any CPU.Build.0 = Debug|Any CPU
		{7769EE41-29B8-431D-A107-8E5564CB6E68}.Release|Any CPU.ActiveCfg = Release|Any CPU
		{7769EE41-29B8-431D-A107-8E5564CB6E68}.Release|Any CPU.Build.0 = Release|Any CPU
		{B4D3D492-C211-4FC3-88B8-0C597E2B971E}.Debug|Any CPU.ActiveCfg = Debug|Any CPU
		{B4D3D492-C211-4FC3-88B8-0C597E2B971E}.Debug|Any CPU.Build.0 = Debug|Any CPU
		{B4D3D492-C211-4FC3-88B8-0C597E2B971E}.Release|Any CPU.ActiveCfg = Release|Any CPU
		{B4D3D492-C211-4FC3-88B8-0C597E2B971E}.Release|Any CPU.Build.0 = Release|Any CPU
		{4591AF5B-5357-4CDC-ABA7-9C2E58BA1296}.Debug|Any CPU.ActiveCfg = Debug|Any CPU
		{4591AF5B-5357-4CDC-ABA7-9C2E58BA1296}.Debug|Any CPU.Build.0 = Debug|Any CPU
		{4591AF5B-5357-4CDC-ABA7-9C2E58BA1296}.Release|Any CPU.ActiveCfg = Release|Any CPU
		{4591AF5B-5357-4CDC-ABA7-9C2E58BA1296}.Release|Any CPU.Build.0 = Release|Any CPU
		{F27EFBD0-9439-42E0-B116-3021FBD8254C}.Debug|Any CPU.ActiveCfg = Debug|Any CPU
		{F27EFBD0-9439-42E0-B116-3021FBD8254C}.Debug|Any CPU.Build.0 = Debug|Any CPU
		{F27EFBD0-9439-42E0-B116-3021FBD8254C}.Release|Any CPU.ActiveCfg = Release|Any CPU
		{F27EFBD0-9439-42E0-B116-3021FBD8254C}.Release|Any CPU.Build.0 = Release|Any CPU
		{805B3BD6-780A-44CC-A207-06CC1FF0777B}.Debug|Any CPU.ActiveCfg = Debug|Any CPU
		{805B3BD6-780A-44CC-A207-06CC1FF0777B}.Debug|Any CPU.Build.0 = Debug|Any CPU
		{805B3BD6-780A-44CC-A207-06CC1FF0777B}.Release|Any CPU.ActiveCfg = Release|Any CPU
		{805B3BD6-780A-44CC-A207-06CC1FF0777B}.Release|Any CPU.Build.0 = Release|Any CPU
		{9A5DBDED-AC7B-4C7B-A3F8-C125DA58BFE0}.Debug|Any CPU.ActiveCfg = Debug|Any CPU
		{9A5DBDED-AC7B-4C7B-A3F8-C125DA58BFE0}.Debug|Any CPU.Build.0 = Debug|Any CPU
		{9A5DBDED-AC7B-4C7B-A3F8-C125DA58BFE0}.Release|Any CPU.ActiveCfg = Release|Any CPU
		{9A5DBDED-AC7B-4C7B-A3F8-C125DA58BFE0}.Release|Any CPU.Build.0 = Release|Any CPU
		{24DA9677-0710-4D49-B39C-792030CEA3FF}.Debug|Any CPU.ActiveCfg = Debug|Any CPU
		{24DA9677-0710-4D49-B39C-792030CEA3FF}.Debug|Any CPU.Build.0 = Debug|Any CPU
		{24DA9677-0710-4D49-B39C-792030CEA3FF}.Release|Any CPU.ActiveCfg = Release|Any CPU
		{24DA9677-0710-4D49-B39C-792030CEA3FF}.Release|Any CPU.Build.0 = Release|Any CPU
		{7BF6B7E8-5269-4BC0-9143-ECBEC765C6C7}.Debug|Any CPU.ActiveCfg = Debug|Any CPU
		{7BF6B7E8-5269-4BC0-9143-ECBEC765C6C7}.Debug|Any CPU.Build.0 = Debug|Any CPU
		{7BF6B7E8-5269-4BC0-9143-ECBEC765C6C7}.Release|Any CPU.ActiveCfg = Release|Any CPU
		{7BF6B7E8-5269-4BC0-9143-ECBEC765C6C7}.Release|Any CPU.Build.0 = Release|Any CPU
		{4B68DFCC-6A97-4457-A27C-FAA934FB6B3B}.Debug|Any CPU.ActiveCfg = Debug|Any CPU
		{4B68DFCC-6A97-4457-A27C-FAA934FB6B3B}.Debug|Any CPU.Build.0 = Debug|Any CPU
		{4B68DFCC-6A97-4457-A27C-FAA934FB6B3B}.Release|Any CPU.ActiveCfg = Release|Any CPU
		{4B68DFCC-6A97-4457-A27C-FAA934FB6B3B}.Release|Any CPU.Build.0 = Release|Any CPU
		{A8FA8003-4AC7-4971-AD76-C0718DC50FD4}.Debug|Any CPU.ActiveCfg = Debug|Any CPU
		{A8FA8003-4AC7-4971-AD76-C0718DC50FD4}.Debug|Any CPU.Build.0 = Debug|Any CPU
		{A8FA8003-4AC7-4971-AD76-C0718DC50FD4}.Release|Any CPU.ActiveCfg = Release|Any CPU
		{A8FA8003-4AC7-4971-AD76-C0718DC50FD4}.Release|Any CPU.Build.0 = Release|Any CPU
		{E74DF6BC-4BE1-4864-A31B-6000684E33C1}.Debug|Any CPU.ActiveCfg = Debug|Any CPU
		{E74DF6BC-4BE1-4864-A31B-6000684E33C1}.Debug|Any CPU.Build.0 = Debug|Any CPU
		{E74DF6BC-4BE1-4864-A31B-6000684E33C1}.Release|Any CPU.ActiveCfg = Release|Any CPU
		{E74DF6BC-4BE1-4864-A31B-6000684E33C1}.Release|Any CPU.Build.0 = Release|Any CPU
		{D4B13225-C336-48FE-81A4-9E32170FC64D}.Debug|Any CPU.ActiveCfg = Debug|Any CPU
		{D4B13225-C336-48FE-81A4-9E32170FC64D}.Debug|Any CPU.Build.0 = Debug|Any CPU
		{D4B13225-C336-48FE-81A4-9E32170FC64D}.Release|Any CPU.ActiveCfg = Release|Any CPU
		{D4B13225-C336-48FE-81A4-9E32170FC64D}.Release|Any CPU.Build.0 = Release|Any CPU
		{A8B1C8D1-5190-45F2-B883-917BD0A24491}.Debug|Any CPU.ActiveCfg = Debug|Any CPU
		{A8B1C8D1-5190-45F2-B883-917BD0A24491}.Debug|Any CPU.Build.0 = Debug|Any CPU
		{A8B1C8D1-5190-45F2-B883-917BD0A24491}.Release|Any CPU.ActiveCfg = Release|Any CPU
		{A8B1C8D1-5190-45F2-B883-917BD0A24491}.Release|Any CPU.Build.0 = Release|Any CPU
		{92BFF91D-3D87-4188-9AC4-6304597CC045}.Debug|Any CPU.ActiveCfg = Debug|Any CPU
		{92BFF91D-3D87-4188-9AC4-6304597CC045}.Debug|Any CPU.Build.0 = Debug|Any CPU
		{92BFF91D-3D87-4188-9AC4-6304597CC045}.Release|Any CPU.ActiveCfg = Release|Any CPU
		{92BFF91D-3D87-4188-9AC4-6304597CC045}.Release|Any CPU.Build.0 = Release|Any CPU
		{9591AEE4-175B-4307-B965-5EA47AD59098}.Debug|Any CPU.ActiveCfg = Debug|Any CPU
		{9591AEE4-175B-4307-B965-5EA47AD59098}.Debug|Any CPU.Build.0 = Debug|Any CPU
		{9591AEE4-175B-4307-B965-5EA47AD59098}.Release|Any CPU.ActiveCfg = Release|Any CPU
		{9591AEE4-175B-4307-B965-5EA47AD59098}.Release|Any CPU.Build.0 = Release|Any CPU
		{85CFAF69-5FEB-4794-9828-30352C05B792}.Debug|Any CPU.ActiveCfg = Debug|Any CPU
		{85CFAF69-5FEB-4794-9828-30352C05B792}.Debug|Any CPU.Build.0 = Debug|Any CPU
		{85CFAF69-5FEB-4794-9828-30352C05B792}.Release|Any CPU.ActiveCfg = Release|Any CPU
		{85CFAF69-5FEB-4794-9828-30352C05B792}.Release|Any CPU.Build.0 = Release|Any CPU
		{DAB59471-A2AE-4DFB-B1E7-85D7D8840B2E}.Debug|Any CPU.ActiveCfg = Debug|Any CPU
		{DAB59471-A2AE-4DFB-B1E7-85D7D8840B2E}.Debug|Any CPU.Build.0 = Debug|Any CPU
		{DAB59471-A2AE-4DFB-B1E7-85D7D8840B2E}.Release|Any CPU.ActiveCfg = Release|Any CPU
		{DAB59471-A2AE-4DFB-B1E7-85D7D8840B2E}.Release|Any CPU.Build.0 = Release|Any CPU
		{8BFC87BD-9F3C-4324-9610-6B975C5E87F3}.Debug|Any CPU.ActiveCfg = Debug|Any CPU
		{8BFC87BD-9F3C-4324-9610-6B975C5E87F3}.Debug|Any CPU.Build.0 = Debug|Any CPU
		{8BFC87BD-9F3C-4324-9610-6B975C5E87F3}.Release|Any CPU.ActiveCfg = Release|Any CPU
		{8BFC87BD-9F3C-4324-9610-6B975C5E87F3}.Release|Any CPU.Build.0 = Release|Any CPU
		{BFE2CF34-4F9F-45C5-AB8E-DDA7F141C58B}.Debug|Any CPU.ActiveCfg = Debug|Any CPU
		{BFE2CF34-4F9F-45C5-AB8E-DDA7F141C58B}.Debug|Any CPU.Build.0 = Debug|Any CPU
		{BFE2CF34-4F9F-45C5-AB8E-DDA7F141C58B}.Release|Any CPU.ActiveCfg = Release|Any CPU
		{BFE2CF34-4F9F-45C5-AB8E-DDA7F141C58B}.Release|Any CPU.Build.0 = Release|Any CPU
		{245415C5-8F05-4FA6-813D-440ADF2E04CE}.Debug|Any CPU.ActiveCfg = Debug|Any CPU
		{245415C5-8F05-4FA6-813D-440ADF2E04CE}.Debug|Any CPU.Build.0 = Debug|Any CPU
		{245415C5-8F05-4FA6-813D-440ADF2E04CE}.Release|Any CPU.ActiveCfg = Release|Any CPU
		{245415C5-8F05-4FA6-813D-440ADF2E04CE}.Release|Any CPU.Build.0 = Release|Any CPU
		{8E6F270F-AA8D-405B-901C-A0EF6036B0A2}.Debug|Any CPU.ActiveCfg = Debug|Any CPU
		{8E6F270F-AA8D-405B-901C-A0EF6036B0A2}.Debug|Any CPU.Build.0 = Debug|Any CPU
		{8E6F270F-AA8D-405B-901C-A0EF6036B0A2}.Release|Any CPU.ActiveCfg = Release|Any CPU
		{8E6F270F-AA8D-405B-901C-A0EF6036B0A2}.Release|Any CPU.Build.0 = Release|Any CPU
		{D30FF778-02BC-419F-80F6-097EAD0DB9B4}.Debug|Any CPU.ActiveCfg = Debug|Any CPU
		{D30FF778-02BC-419F-80F6-097EAD0DB9B4}.Debug|Any CPU.Build.0 = Debug|Any CPU
		{D30FF778-02BC-419F-80F6-097EAD0DB9B4}.Release|Any CPU.ActiveCfg = Release|Any CPU
		{D30FF778-02BC-419F-80F6-097EAD0DB9B4}.Release|Any CPU.Build.0 = Release|Any CPU
		{758C417F-9BD5-4279-B6FD-29E15F6D2B91}.Debug|Any CPU.ActiveCfg = Debug|Any CPU
		{758C417F-9BD5-4279-B6FD-29E15F6D2B91}.Debug|Any CPU.Build.0 = Debug|Any CPU
		{758C417F-9BD5-4279-B6FD-29E15F6D2B91}.Release|Any CPU.ActiveCfg = Release|Any CPU
		{758C417F-9BD5-4279-B6FD-29E15F6D2B91}.Release|Any CPU.Build.0 = Release|Any CPU
		{E9457A8E-6B7E-46B1-A328-AD24A456B431}.Debug|Any CPU.ActiveCfg = Debug|Any CPU
		{E9457A8E-6B7E-46B1-A328-AD24A456B431}.Debug|Any CPU.Build.0 = Debug|Any CPU
		{E9457A8E-6B7E-46B1-A328-AD24A456B431}.Release|Any CPU.ActiveCfg = Release|Any CPU
		{E9457A8E-6B7E-46B1-A328-AD24A456B431}.Release|Any CPU.Build.0 = Release|Any CPU
		{1E941D2B-F124-4473-9C02-7C76CE78C3F0}.Debug|Any CPU.ActiveCfg = Debug|Any CPU
		{1E941D2B-F124-4473-9C02-7C76CE78C3F0}.Debug|Any CPU.Build.0 = Debug|Any CPU
		{1E941D2B-F124-4473-9C02-7C76CE78C3F0}.Release|Any CPU.ActiveCfg = Release|Any CPU
		{1E941D2B-F124-4473-9C02-7C76CE78C3F0}.Release|Any CPU.Build.0 = Release|Any CPU
		{3EDABFEB-EC1B-4411-B2F8-A26B060CD7A3}.Debug|Any CPU.ActiveCfg = Debug|Any CPU
		{3EDABFEB-EC1B-4411-B2F8-A26B060CD7A3}.Debug|Any CPU.Build.0 = Debug|Any CPU
		{3EDABFEB-EC1B-4411-B2F8-A26B060CD7A3}.Release|Any CPU.ActiveCfg = Release|Any CPU
		{3EDABFEB-EC1B-4411-B2F8-A26B060CD7A3}.Release|Any CPU.Build.0 = Release|Any CPU
		{966B0E64-6B28-4D3B-A73D-1BA5E9F47644}.Debug|Any CPU.ActiveCfg = Debug|Any CPU
		{966B0E64-6B28-4D3B-A73D-1BA5E9F47644}.Debug|Any CPU.Build.0 = Debug|Any CPU
		{966B0E64-6B28-4D3B-A73D-1BA5E9F47644}.Release|Any CPU.ActiveCfg = Release|Any CPU
		{966B0E64-6B28-4D3B-A73D-1BA5E9F47644}.Release|Any CPU.Build.0 = Release|Any CPU
		{2A52F8F3-A4BC-4839-A9A6-695F91950557}.Debug|Any CPU.ActiveCfg = Debug|Any CPU
		{2A52F8F3-A4BC-4839-A9A6-695F91950557}.Debug|Any CPU.Build.0 = Debug|Any CPU
		{2A52F8F3-A4BC-4839-A9A6-695F91950557}.Release|Any CPU.ActiveCfg = Release|Any CPU
		{2A52F8F3-A4BC-4839-A9A6-695F91950557}.Release|Any CPU.Build.0 = Release|Any CPU
		{C60D6DF2-B0AF-419F-8E2D-B4DF975B4B88}.Debug|Any CPU.ActiveCfg = Debug|Any CPU
		{C60D6DF2-B0AF-419F-8E2D-B4DF975B4B88}.Debug|Any CPU.Build.0 = Debug|Any CPU
		{C60D6DF2-B0AF-419F-8E2D-B4DF975B4B88}.Release|Any CPU.ActiveCfg = Release|Any CPU
		{C60D6DF2-B0AF-419F-8E2D-B4DF975B4B88}.Release|Any CPU.Build.0 = Release|Any CPU
		{994E8CC2-E4B3-4F71-B509-3FAB5A84DCE3}.Debug|Any CPU.ActiveCfg = Debug|Any CPU
		{994E8CC2-E4B3-4F71-B509-3FAB5A84DCE3}.Debug|Any CPU.Build.0 = Debug|Any CPU
		{994E8CC2-E4B3-4F71-B509-3FAB5A84DCE3}.Release|Any CPU.ActiveCfg = Release|Any CPU
		{994E8CC2-E4B3-4F71-B509-3FAB5A84DCE3}.Release|Any CPU.Build.0 = Release|Any CPU
		{52AE49E8-D6BB-4E42-B95A-7BF464DA68F2}.Debug|Any CPU.ActiveCfg = Debug|Any CPU
		{52AE49E8-D6BB-4E42-B95A-7BF464DA68F2}.Debug|Any CPU.Build.0 = Debug|Any CPU
		{52AE49E8-D6BB-4E42-B95A-7BF464DA68F2}.Release|Any CPU.ActiveCfg = Release|Any CPU
		{52AE49E8-D6BB-4E42-B95A-7BF464DA68F2}.Release|Any CPU.Build.0 = Release|Any CPU
		{BCDAFDD8-6687-4F58-A679-A96F4948FEA3}.Debug|Any CPU.ActiveCfg = Debug|Any CPU
		{BCDAFDD8-6687-4F58-A679-A96F4948FEA3}.Debug|Any CPU.Build.0 = Debug|Any CPU
		{BCDAFDD8-6687-4F58-A679-A96F4948FEA3}.Release|Any CPU.ActiveCfg = Release|Any CPU
		{BCDAFDD8-6687-4F58-A679-A96F4948FEA3}.Release|Any CPU.Build.0 = Release|Any CPU
		{AC4AD028-C66B-4DAB-88D7-C7C8E78C9762}.Debug|Any CPU.ActiveCfg = Debug|Any CPU
		{AC4AD028-C66B-4DAB-88D7-C7C8E78C9762}.Debug|Any CPU.Build.0 = Debug|Any CPU
		{AC4AD028-C66B-4DAB-88D7-C7C8E78C9762}.Release|Any CPU.ActiveCfg = Release|Any CPU
		{AC4AD028-C66B-4DAB-88D7-C7C8E78C9762}.Release|Any CPU.Build.0 = Release|Any CPU
	EndGlobalSection
	GlobalSection(SolutionProperties) = preSolution
		HideSolutionNode = FALSE
	EndGlobalSection
	GlobalSection(NestedProjects) = preSolution
		{7C68EEB2-1B86-4317-89D0-49D12B7D7891} = {35FAB1FD-29C0-4588-9292-4F332F978D65}
		{48C1EC92-7B16-4B03-8133-BA0CE1A93853} = {979ED936-C726-4AA8-B1DD-05FF85204E89}
		{6E5BC7B3-E6D3-4AEA-AEE0-4E29A5208E1F} = {864FD08D-8B34-4A8A-BF5E-C39A896D6609}
		{BF221CE0-25B8-46A4-A1C6-7503154A9D73} = {35FAB1FD-29C0-4588-9292-4F332F978D65}
		{8D1D893E-3E60-47B8-9133-3709FCD0C8F5} = {864FD08D-8B34-4A8A-BF5E-C39A896D6609}
		{9494CC9C-E653-42D3-BD27-B5DD59484F53} = {445742AB-54D0-4053-924B-F4790E5F01F1}
		{78FEFB07-2681-4178-AA9C-592BE6F0ED2F} = {D8F5EEFB-7A73-45FD-BACD-0B3E4240ADD9}
		{2F261EA3-637C-48AF-9F0B-4042436679BA} = {D8F5EEFB-7A73-45FD-BACD-0B3E4240ADD9}
		{130F24E3-46DB-4CA8-BB3C-44817822C1E1} = {438C4520-B0CB-400F-BE26-788721F66B3E}
		{40A4F319-A155-47D2-9B35-F497C43B42E3} = {759449D2-ED26-4013-BF0F-7ECFF9D3CD1F}
		{A8EAE565-866B-4A1D-8D33-53B6A940C2D7} = {82284638-6F4D-4724-A2DC-5463C9D029D1}
		{8BD0BB25-8695-4590-9B21-008FAB08458B} = {0E83A721-395A-4B0B-B9BE-3DB22827AE28}
		{8433518C-5DBE-44D5-9EC9-F8A203D4DAF3} = {0E83A721-395A-4B0B-B9BE-3DB22827AE28}
		{8E5172BA-3E05-4793-A7F6-0FEB8FF5E464} = {0E83A721-395A-4B0B-B9BE-3DB22827AE28}
		{0BFDE1A1-70E0-46F4-8DEA-FE5E21DE1CD4} = {0E83A721-395A-4B0B-B9BE-3DB22827AE28}
		{7769EE41-29B8-431D-A107-8E5564CB6E68} = {9B5C5474-3B90-48D2-B437-06272F0A0EFA}
		{B4D3D492-C211-4FC3-88B8-0C597E2B971E} = {41588A2E-A8F5-4438-AFF2-402FFBFD23B7}
		{4591AF5B-5357-4CDC-ABA7-9C2E58BA1296} = {FEA5BEC6-2908-409B-9C98-3BAAC5EDB5CA}
		{F27EFBD0-9439-42E0-B116-3021FBD8254C} = {7CB7176B-C855-453D-BC89-D7F3F7D2D7E0}
		{805B3BD6-780A-44CC-A207-06CC1FF0777B} = {7CB7176B-C855-453D-BC89-D7F3F7D2D7E0}
		{9A5DBDED-AC7B-4C7B-A3F8-C125DA58BFE0} = {7CB7176B-C855-453D-BC89-D7F3F7D2D7E0}
		{24DA9677-0710-4D49-B39C-792030CEA3FF} = {D8F5EEFB-7A73-45FD-BACD-0B3E4240ADD9}
		{7BF6B7E8-5269-4BC0-9143-ECBEC765C6C7} = {41588A2E-A8F5-4438-AFF2-402FFBFD23B7}
		{4B68DFCC-6A97-4457-A27C-FAA934FB6B3B} = {4C874AF2-27DF-452E-A8C2-0AB60253BC23}
		{A8FA8003-4AC7-4971-AD76-C0718DC50FD4} = {0E83A721-395A-4B0B-B9BE-3DB22827AE28}
		{E74DF6BC-4BE1-4864-A31B-6000684E33C1} = {0E83A721-395A-4B0B-B9BE-3DB22827AE28}
		{D4B13225-C336-48FE-81A4-9E32170FC64D} = {0282D183-CBAE-4DFE-97B4-5AA4B9F77DB2}
		{A8B1C8D1-5190-45F2-B883-917BD0A24491} = {0282D183-CBAE-4DFE-97B4-5AA4B9F77DB2}
		{92BFF91D-3D87-4188-9AC4-6304597CC045} = {35FAB1FD-29C0-4588-9292-4F332F978D65}
		{9591AEE4-175B-4307-B965-5EA47AD59098} = {864FD08D-8B34-4A8A-BF5E-C39A896D6609}
		{85CFAF69-5FEB-4794-9828-30352C05B792} = {438C4520-B0CB-400F-BE26-788721F66B3E}
		{DAB59471-A2AE-4DFB-B1E7-85D7D8840B2E} = {AB80DEE0-D831-4FF6-B856-FBAAE19DE9E3}
		{8BFC87BD-9F3C-4324-9610-6B975C5E87F3} = {AB80DEE0-D831-4FF6-B856-FBAAE19DE9E3}
		{BFE2CF34-4F9F-45C5-AB8E-DDA7F141C58B} = {2D741D2F-0C16-4726-A06B-6979429140DE}
		{245415C5-8F05-4FA6-813D-440ADF2E04CE} = {82284638-6F4D-4724-A2DC-5463C9D029D1}
		{8E6F270F-AA8D-405B-901C-A0EF6036B0A2} = {28B69051-DCD0-43F9-B5F1-97FD761EFE10}
		{D30FF778-02BC-419F-80F6-097EAD0DB9B4} = {28B69051-DCD0-43F9-B5F1-97FD761EFE10}
		{758C417F-9BD5-4279-B6FD-29E15F6D2B91} = {FEA5BEC6-2908-409B-9C98-3BAAC5EDB5CA}
		{D625DBF8-20EE-4F11-A286-60A0F88CCEDC} = {FEA5BEC6-2908-409B-9C98-3BAAC5EDB5CA}
		{E9457A8E-6B7E-46B1-A328-AD24A456B431} = {D625DBF8-20EE-4F11-A286-60A0F88CCEDC}
		{1E941D2B-F124-4473-9C02-7C76CE78C3F0} = {D625DBF8-20EE-4F11-A286-60A0F88CCEDC}
		{3EDABFEB-EC1B-4411-B2F8-A26B060CD7A3} = {E1FC7D3E-8AD5-4524-A7C5-B12B33BD5AC8}
		{966B0E64-6B28-4D3B-A73D-1BA5E9F47644} = {4BF9B6BD-C9ED-491D-8BA0-DB8F6011A08B}
		{2A52F8F3-A4BC-4839-A9A6-695F91950557} = {4BF9B6BD-C9ED-491D-8BA0-DB8F6011A08B}
		{C60D6DF2-B0AF-419F-8E2D-B4DF975B4B88} = {70B55EB0-B770-420A-B81C-F872A4CEBCCD}
		{994E8CC2-E4B3-4F71-B509-3FAB5A84DCE3} = {70B55EB0-B770-420A-B81C-F872A4CEBCCD}
		{52AE49E8-D6BB-4E42-B95A-7BF464DA68F2} = {37E31827-5C14-4E32-8135-F417D1B3EF36}
		{BCDAFDD8-6687-4F58-A679-A96F4948FEA3} = {445742AB-54D0-4053-924B-F4790E5F01F1}
		{AC4AD028-C66B-4DAB-88D7-C7C8E78C9762} = {41588A2E-A8F5-4438-AFF2-402FFBFD23B7}
	EndGlobalSection
EndGlobal
